
Microsoft Visual Studio Solution File, Format Version 12.00
# Visual Studio 15
VisualStudioVersion = 15.0.28010.2046
MinimumVisualStudioVersion = 10.0.40219.1
Project("{FAE04EC0-301F-11D3-BF4B-00C04F79EFBC}") = "StringCalculatorATDD", "StringCalculatorATDD\StringCalculatorATDD.csproj", "{40E566EB-7D29-430A-8EC2-3F960189BBB1}"
EndProject
Project("{FAE04EC0-301F-11D3-BF4B-00C04F79EFBC}") = "StringCalculatorATDD.Spec", "StringCalculatorATDD.Spec\StringCalculatorATDD.Spec.csproj", "{607D971C-CEAB-429F-80B0-4D766AA54009}"
EndProject
Project("{FAE04EC0-301F-11D3-BF4B-00C04F79EFBC}") = "StringCalculatorATDD.Facts", "StringCalculatorATDD.Facts\StringCalculatorATDD.Facts.csproj", "{FBA6675D-B4D9-4B55-8EA5-CA44BDA0C2B3}"
EndProject
Global
	GlobalSection(SolutionConfigurationPlatforms) = preSolution
		Debug|Any CPU = Debug|Any CPU
		Release|Any CPU = Release|Any CPU
	EndGlobalSection
	GlobalSection(ProjectConfigurationPlatforms) = postSolution
		{40E566EB-7D29-430A-8EC2-3F960189BBB1}.Debug|Any CPU.ActiveCfg = Debug|Any CPU
		{40E566EB-7D29-430A-8EC2-3F960189BBB1}.Debug|Any CPU.Build.0 = Debug|Any CPU
		{40E566EB-7D29-430A-8EC2-3F960189BBB1}.Release|Any CPU.ActiveCfg = Release|Any CPU
		{40E566EB-7D29-430A-8EC2-3F960189BBB1}.Release|Any CPU.Build.0 = Release|Any CPU
		{607D971C-CEAB-429F-80B0-4D766AA54009}.Debug|Any CPU.ActiveCfg = Debug|Any CPU
		{607D971C-CEAB-429F-80B0-4D766AA54009}.Debug|Any CPU.Build.0 = Debug|Any CPU
		{607D971C-CEAB-429F-80B0-4D766AA54009}.Release|Any CPU.ActiveCfg = Release|Any CPU
		{607D971C-CEAB-429F-80B0-4D766AA54009}.Release|Any CPU.Build.0 = Release|Any CPU
		{FBA6675D-B4D9-4B55-8EA5-CA44BDA0C2B3}.Debug|Any CPU.ActiveCfg = Debug|Any CPU
		{FBA6675D-B4D9-4B55-8EA5-CA44BDA0C2B3}.Debug|Any CPU.Build.0 = Debug|Any CPU
		{FBA6675D-B4D9-4B55-8EA5-CA44BDA0C2B3}.Release|Any CPU.ActiveCfg = Release|Any CPU
		{FBA6675D-B4D9-4B55-8EA5-CA44BDA0C2B3}.Release|Any CPU.Build.0 = Release|Any CPU
	EndGlobalSection
	GlobalSection(SolutionProperties) = preSolution
		HideSolutionNode = FALSE
	EndGlobalSection
	GlobalSection(ExtensibilityGlobals) = postSolution
		SolutionGuid = {45BE43B1-FB6C-40D6-BBA9-4A9AC3CB5C6F}
	EndGlobalSection
EndGlobal
